
Microsoft Visual Studio Solution File, Format Version 12.00
# Visual Studio Version 17
VisualStudioVersion = 17.3.32819.101
MinimumVisualStudioVersion = 10.0.40219.1
Project("{9A19103F-16F7-4668-BE54-9A1E7A4F7556}") = "BeeAlgorithm", "BeeAlgorithm\BeeAlgorithm.csproj", "{A0CB0C0A-EF02-45AA-9D51-98BA0E786174}"
EndProject
Project("{9A19103F-16F7-4668-BE54-9A1E7A4F7556}") = "MathParser", "..\GeneticAlgorythm\MathParser\MathParser.csproj", "{2FB9FC83-B222-4F74-81A8-8BB034A24C8B}"
EndProject
Project("{9A19103F-16F7-4668-BE54-9A1E7A4F7556}") = "BeeAlgoritmConsole", "BeeAlgoritmConsole\BeeAlgoritmConsole.csproj", "{A120A0AC-8E1E-43FD-A1A6-DD57186AE97E}"
EndProject
Project("{FAE04EC0-301F-11D3-BF4B-00C04F79EFBC}") = "BeeAlgorithmWinForm", "BeeAlgorithmWinForm\BeeAlgorithmWinForm.csproj", "{B72431FF-2DE3-4896-9531-B7A3654CC5A9}"
EndProject
Global
	GlobalSection(SolutionConfigurationPlatforms) = preSolution
		Debug|Any CPU = Debug|Any CPU
		Release|Any CPU = Release|Any CPU
	EndGlobalSection
	GlobalSection(ProjectConfigurationPlatforms) = postSolution
		{A0CB0C0A-EF02-45AA-9D51-98BA0E786174}.Debug|Any CPU.ActiveCfg = Debug|Any CPU
		{A0CB0C0A-EF02-45AA-9D51-98BA0E786174}.Debug|Any CPU.Build.0 = Debug|Any CPU
		{A0CB0C0A-EF02-45AA-9D51-98BA0E786174}.Release|Any CPU.ActiveCfg = Release|Any CPU
		{A0CB0C0A-EF02-45AA-9D51-98BA0E786174}.Release|Any CPU.Build.0 = Release|Any CPU
		{2FB9FC83-B222-4F74-81A8-8BB034A24C8B}.Debug|Any CPU.ActiveCfg = Debug|Any CPU
		{2FB9FC83-B222-4F74-81A8-8BB034A24C8B}.Debug|Any CPU.Build.0 = Debug|Any CPU
		{2FB9FC83-B222-4F74-81A8-8BB034A24C8B}.Release|Any CPU.ActiveCfg = Release|Any CPU
		{2FB9FC83-B222-4F74-81A8-8BB034A24C8B}.Release|Any CPU.Build.0 = Release|Any CPU
		{A120A0AC-8E1E-43FD-A1A6-DD57186AE97E}.Debug|Any CPU.ActiveCfg = Debug|Any CPU
		{A120A0AC-8E1E-43FD-A1A6-DD57186AE97E}.Debug|Any CPU.Build.0 = Debug|Any CPU
		{A120A0AC-8E1E-43FD-A1A6-DD57186AE97E}.Release|Any CPU.ActiveCfg = Release|Any CPU
		{A120A0AC-8E1E-43FD-A1A6-DD57186AE97E}.Release|Any CPU.Build.0 = Release|Any CPU
		{B72431FF-2DE3-4896-9531-B7A3654CC5A9}.Debug|Any CPU.ActiveCfg = Debug|Any CPU
		{B72431FF-2DE3-4896-9531-B7A3654CC5A9}.Debug|Any CPU.Build.0 = Debug|Any CPU
		{B72431FF-2DE3-4896-9531-B7A3654CC5A9}.Release|Any CPU.ActiveCfg = Release|Any CPU
		{B72431FF-2DE3-4896-9531-B7A3654CC5A9}.Release|Any CPU.Build.0 = Release|Any CPU
	EndGlobalSection
	GlobalSection(SolutionProperties) = preSolution
		HideSolutionNode = FALSE
	EndGlobalSection
	GlobalSection(ExtensibilityGlobals) = postSolution
		SolutionGuid = {0F5F2839-18D2-41E3-BE5A-BF600E282A7D}
	EndGlobalSection
EndGlobal
